
Microsoft Visual Studio Solution File, Format Version 12.00
# Visual Studio 15
VisualStudioVersion = 15.0.28307.421
MinimumVisualStudioVersion = 10.0.40219.1
Project("{FAE04EC0-301F-11D3-BF4B-00C04F79EFBC}") = "BillsPaymentSystem.App", "BillsPaymentSystem.App\BillsPaymentSystem.App.csproj", "{43B26B3A-1E23-47AF-B524-216A6CD35F42}"
EndProject
Project("{FAE04EC0-301F-11D3-BF4B-00C04F79EFBC}") = "BillsPaymentSystem.Data", "BillsPaymentSystem.Data\BillsPaymentSystem.Data.csproj", "{30EBE596-2C17-409F-A34F-647256AA54E7}"
EndProject
Project("{FAE04EC0-301F-11D3-BF4B-00C04F79EFBC}") = "BillsPaymentSystem.Models", "BillsPaymentSystem.Models\BillsPaymentSystem.Models.csproj", "{C702A700-94B1-418B-851E-B6C83A358E20}"
EndProject
Global
	GlobalSection(SolutionConfigurationPlatforms) = preSolution
		Debug|Any CPU = Debug|Any CPU
		Release|Any CPU = Release|Any CPU
	EndGlobalSection
	GlobalSection(ProjectConfigurationPlatforms) = postSolution
		{43B26B3A-1E23-47AF-B524-216A6CD35F42}.Debug|Any CPU.ActiveCfg = Debug|Any CPU
		{43B26B3A-1E23-47AF-B524-216A6CD35F42}.Debug|Any CPU.Build.0 = Debug|Any CPU
		{43B26B3A-1E23-47AF-B524-216A6CD35F42}.Release|Any CPU.ActiveCfg = Release|Any CPU
		{43B26B3A-1E23-47AF-B524-216A6CD35F42}.Release|Any CPU.Build.0 = Release|Any CPU
		{30EBE596-2C17-409F-A34F-647256AA54E7}.Debug|Any CPU.ActiveCfg = Debug|Any CPU
		{30EBE596-2C17-409F-A34F-647256AA54E7}.Debug|Any CPU.Build.0 = Debug|Any CPU
		{30EBE596-2C17-409F-A34F-647256AA54E7}.Release|Any CPU.ActiveCfg = Release|Any CPU
		{30EBE596-2C17-409F-A34F-647256AA54E7}.Release|Any CPU.Build.0 = Release|Any CPU
		{C702A700-94B1-418B-851E-B6C83A358E20}.Debug|Any CPU.ActiveCfg = Debug|Any CPU
		{C702A700-94B1-418B-851E-B6C83A358E20}.Debug|Any CPU.Build.0 = Debug|Any CPU
		{C702A700-94B1-418B-851E-B6C83A358E20}.Release|Any CPU.ActiveCfg = Release|Any CPU
		{C702A700-94B1-418B-851E-B6C83A358E20}.Release|Any CPU.Build.0 = Release|Any CPU
	EndGlobalSection
	GlobalSection(SolutionProperties) = preSolution
		HideSolutionNode = FALSE
	EndGlobalSection
	GlobalSection(ExtensibilityGlobals) = postSolution
		SolutionGuid = {B56EF0BC-BE9D-48C6-B115-DD35F1331CB6}
	EndGlobalSection
EndGlobal
