
Microsoft Visual Studio Solution File, Format Version 12.00
# Visual Studio 14
VisualStudioVersion = 14.0.25420.1
MinimumVisualStudioVersion = 10.0.40219.1
Project("{FAE04EC0-301F-11D3-BF4B-00C04F79EFBC}") = "Fishland", "Fishland\Fishland.csproj", "{0B4D7A00-13BC-4734-A61E-D926CF6B6F59}"
EndProject
Project("{FAE04EC0-301F-11D3-BF4B-00C04F79EFBC}") = "Pets", "Pets\Pets.csproj", "{FC6146E4-B51A-47A4-9B04-BA62B9E1334E}"
EndProject
Project("{FAE04EC0-301F-11D3-BF4B-00C04F79EFBC}") = "Vacation", "Vacation\Vacation.csproj", "{844EDDE1-117F-4781-963A-E6F7B22F6B60}"
EndProject
Project("{FAE04EC0-301F-11D3-BF4B-00C04F79EFBC}") = "SoftUniCamp", "SoftUniCamp\SoftUniCamp.csproj", "{170D85EA-A303-4F82-BECF-E90F6EE3776D}"
EndProject
Project("{FAE04EC0-301F-11D3-BF4B-00C04F79EFBC}") = "Fox", "Fox\Fox.csproj", "{FC6E327C-9C3A-45B8-8BB0-B9FFD6E13C01}"
EndProject
Project("{FAE04EC0-301F-11D3-BF4B-00C04F79EFBC}") = "Battles", "Battles\Battles.csproj", "{FE9AAE0C-D170-4522-8EE9-F8C05E6A9F9B}"
EndProject
Project("{FAE04EC0-301F-11D3-BF4B-00C04F79EFBC}") = "zadacha1", "zadacha1\zadacha1.csproj", "{754AFBCA-203B-4EA7-8688-ADBEF2A97527}"
EndProject
Global
	GlobalSection(SolutionConfigurationPlatforms) = preSolution
		Debug|Any CPU = Debug|Any CPU
		Release|Any CPU = Release|Any CPU
	EndGlobalSection
	GlobalSection(ProjectConfigurationPlatforms) = postSolution
		{0B4D7A00-13BC-4734-A61E-D926CF6B6F59}.Debug|Any CPU.ActiveCfg = Debug|Any CPU
		{0B4D7A00-13BC-4734-A61E-D926CF6B6F59}.Debug|Any CPU.Build.0 = Debug|Any CPU
		{0B4D7A00-13BC-4734-A61E-D926CF6B6F59}.Release|Any CPU.ActiveCfg = Release|Any CPU
		{0B4D7A00-13BC-4734-A61E-D926CF6B6F59}.Release|Any CPU.Build.0 = Release|Any CPU
		{FC6146E4-B51A-47A4-9B04-BA62B9E1334E}.Debug|Any CPU.ActiveCfg = Debug|Any CPU
		{FC6146E4-B51A-47A4-9B04-BA62B9E1334E}.Debug|Any CPU.Build.0 = Debug|Any CPU
		{FC6146E4-B51A-47A4-9B04-BA62B9E1334E}.Release|Any CPU.ActiveCfg = Release|Any CPU
		{FC6146E4-B51A-47A4-9B04-BA62B9E1334E}.Release|Any CPU.Build.0 = Release|Any CPU
		{844EDDE1-117F-4781-963A-E6F7B22F6B60}.Debug|Any CPU.ActiveCfg = Debug|Any CPU
		{844EDDE1-117F-4781-963A-E6F7B22F6B60}.Debug|Any CPU.Build.0 = Debug|Any CPU
		{844EDDE1-117F-4781-963A-E6F7B22F6B60}.Release|Any CPU.ActiveCfg = Release|Any CPU
		{844EDDE1-117F-4781-963A-E6F7B22F6B60}.Release|Any CPU.Build.0 = Release|Any CPU
		{170D85EA-A303-4F82-BECF-E90F6EE3776D}.Debug|Any CPU.ActiveCfg = Debug|Any CPU
		{170D85EA-A303-4F82-BECF-E90F6EE3776D}.Debug|Any CPU.Build.0 = Debug|Any CPU
		{170D85EA-A303-4F82-BECF-E90F6EE3776D}.Release|Any CPU.ActiveCfg = Release|Any CPU
		{170D85EA-A303-4F82-BECF-E90F6EE3776D}.Release|Any CPU.Build.0 = Release|Any CPU
		{FC6E327C-9C3A-45B8-8BB0-B9FFD6E13C01}.Debug|Any CPU.ActiveCfg = Debug|Any CPU
		{FC6E327C-9C3A-45B8-8BB0-B9FFD6E13C01}.Debug|Any CPU.Build.0 = Debug|Any CPU
		{FC6E327C-9C3A-45B8-8BB0-B9FFD6E13C01}.Release|Any CPU.ActiveCfg = Release|Any CPU
		{FC6E327C-9C3A-45B8-8BB0-B9FFD6E13C01}.Release|Any CPU.Build.0 = Release|Any CPU
		{FE9AAE0C-D170-4522-8EE9-F8C05E6A9F9B}.Debug|Any CPU.ActiveCfg = Debug|Any CPU
		{FE9AAE0C-D170-4522-8EE9-F8C05E6A9F9B}.Debug|Any CPU.Build.0 = Debug|Any CPU
		{FE9AAE0C-D170-4522-8EE9-F8C05E6A9F9B}.Release|Any CPU.ActiveCfg = Release|Any CPU
		{FE9AAE0C-D170-4522-8EE9-F8C05E6A9F9B}.Release|Any CPU.Build.0 = Release|Any CPU
		{754AFBCA-203B-4EA7-8688-ADBEF2A97527}.Debug|Any CPU.ActiveCfg = Debug|Any CPU
		{754AFBCA-203B-4EA7-8688-ADBEF2A97527}.Debug|Any CPU.Build.0 = Debug|Any CPU
		{754AFBCA-203B-4EA7-8688-ADBEF2A97527}.Release|Any CPU.ActiveCfg = Release|Any CPU
		{754AFBCA-203B-4EA7-8688-ADBEF2A97527}.Release|Any CPU.Build.0 = Release|Any CPU
	EndGlobalSection
	GlobalSection(SolutionProperties) = preSolution
		HideSolutionNode = FALSE
	EndGlobalSection
EndGlobal
